
Microsoft Visual Studio Solution File, Format Version 12.00
# Visual Studio Version 17
VisualStudioVersion = 17.5.002.0
MinimumVisualStudioVersion = 10.0.40219.1
Project("{9A19103F-16F7-4668-BE54-9A1E7A4F7556}") = "ProjectAPI.Core", "ProjectAPI.Core.csproj", "{7C50F675-FDF0-47FA-990C-62A75E6D5BE0}"
EndProject
Global
	GlobalSection(SolutionConfigurationPlatforms) = preSolution
		Debug|Any CPU = Debug|Any CPU
		Release|Any CPU = Release|Any CPU
	EndGlobalSection
	GlobalSection(ProjectConfigurationPlatforms) = postSolution
		{7C50F675-FDF0-47FA-990C-62A75E6D5BE0}.Debug|Any CPU.ActiveCfg = Debug|Any CPU
		{7C50F675-FDF0-47FA-990C-62A75E6D5BE0}.Debug|Any CPU.Build.0 = Debug|Any CPU
		{7C50F675-FDF0-47FA-990C-62A75E6D5BE0}.Release|Any CPU.ActiveCfg = Release|Any CPU
		{7C50F675-FDF0-47FA-990C-62A75E6D5BE0}.Release|Any CPU.Build.0 = Release|Any CPU
	EndGlobalSection
	GlobalSection(SolutionProperties) = preSolution
		HideSolutionNode = FALSE
	EndGlobalSection
	GlobalSection(ExtensibilityGlobals) = postSolution
		SolutionGuid = {D80581F7-AB5D-4556-B65D-35CCDAA172ED}
	EndGlobalSection
EndGlobal
